	<Project xmlns="http://schemas.microsoft.com/developer/msbuild/2003">
		<PropertyGroup>
			<ProjectGuid>{9f7e62c4-0c43-4c87-ae6a-f834f4bc2754}</ProjectGuid>
			<MainSource>administrator.dpr</MainSource>
			<Configuration Condition=" '$(Configuration)' == '' ">Debug</Configuration>
			<DCC_DCCCompiler>DCC32</DCC_DCCCompiler>
			<DCC_DependencyCheckOutputName>..\..\product\bin\Administrator.exe</DCC_DependencyCheckOutputName>
			<ProjectVersion>13.4</ProjectVersion>
			<Base>True</Base>
			<Config Condition="'$(Config)'==''">Debug</Config>
			<AppType>Application</AppType>
			<FrameworkType>VCL</FrameworkType>
			<Platform Condition="'$(Platform)'==''">Win32</Platform>
			<TargetedPlatforms>1</TargetedPlatforms>
		</PropertyGroup>
		<PropertyGroup Condition="'$(Config)'=='Base' or '$(Base)'!=''">
			<Base>true</Base>
		</PropertyGroup>
		<PropertyGroup Condition="('$(Platform)'=='Win64' and '$(Base)'=='true') or '$(Base_Win64)'!=''">
			<Base_Win64>true</Base_Win64>
			<CfgParent>Base</CfgParent>
			<Base>true</Base>
		</PropertyGroup>
		<PropertyGroup Condition="('$(Platform)'=='Win32' and '$(Base)'=='true') or '$(Base_Win32)'!=''">
			<Base_Win32>true</Base_Win32>
			<CfgParent>Base</CfgParent>
			<Base>true</Base>
		</PropertyGroup>
		<PropertyGroup Condition="'$(Config)'=='Release' or '$(Cfg_1)'!=''">
			<Cfg_1>true</Cfg_1>
			<CfgParent>Base</CfgParent>
			<Base>true</Base>
		</PropertyGroup>
		<PropertyGroup Condition="'$(Config)'=='Debug' or '$(Cfg_2)'!=''">
			<Cfg_2>true</Cfg_2>
			<CfgParent>Base</CfgParent>
			<Base>true</Base>
		</PropertyGroup>
		<PropertyGroup Condition="('$(Platform)'=='Win32' and '$(Cfg_2)'=='true') or '$(Cfg_2_Win32)'!=''">
			<Cfg_2_Win32>true</Cfg_2_Win32>
			<CfgParent>Cfg_2</CfgParent>
			<Cfg_2>true</Cfg_2>
			<Base>true</Base>
		</PropertyGroup>
		<PropertyGroup Condition="'$(Base)'!=''">
			<Manifest_File>None</Manifest_File>
			<Icon_MainIcon>Administrator_Icon.ico</Icon_MainIcon>
			<DCC_RemoteDebug>true</DCC_RemoteDebug>
			<ImageDebugInfo>true</ImageDebugInfo>
			<DCC_DebugInfoInExe>true</DCC_DebugInfoInExe>
			<VerInfo_MinorVer>6</VerInfo_MinorVer>
			<VerInfo_MajorVer>0</VerInfo_MajorVer>
			<DCC_Namespace>Vcl;Vcl.Imaging;Vcl.Touch;Vcl.Samples;Vcl.Shell;System;Xml;Data;Datasnap;Web;Soap;Winapi;System.Win;$(DCC_Namespace)</DCC_Namespace>
			<VerInfo_IncludeVerInfo>true</VerInfo_IncludeVerInfo>
			<VerInfo_Locale>1058</VerInfo_Locale>
			<VerInfo_Keys>CompanyName=Alexander Martinyuk;FileDescription=Golden Temp Administrator;FileVersion=0.6.0.0;InternalName=;LegalCopyright=;LegalTrademarks=;OriginalFilename=;ProductName=Golden Temp;ProductVersion=1.0.0.0;Comments=</VerInfo_Keys>
			<DCC_UsePackage>vcl;rtl;gtControls;gtCore;gtDialogs;gtDebug;$(DCC_UsePackage)</DCC_UsePackage>
		</PropertyGroup>
		<PropertyGroup Condition="'$(Base_Win64)'!=''">
			<Icon_MainIcon>Administrator_Icon.ico</Icon_MainIcon>
		</PropertyGroup>
		<PropertyGroup Condition="'$(Base_Win32)'!=''">
			<VerInfo_IncludeVerInfo>true</VerInfo_IncludeVerInfo>
			<Icon_MainIcon>Administrator_Icon.ico</Icon_MainIcon>
			<DCC_Namespace>Data.Win;Datasnap.Win;Web.Win;Soap.Win;Xml.Win;Bde;$(DCC_Namespace)</DCC_Namespace>
			<VerInfo_Keys>CompanyName=;FileDescription=;FileVersion=1.0.0.0;InternalName=;LegalCopyright=;LegalTrademarks=;OriginalFilename=;ProductName=;ProductVersion=1.0.0.0;Comments=</VerInfo_Keys>
			<VerInfo_Locale>1033</VerInfo_Locale>
			<Debugger_DebugSourcePath>D:\GoldenTemp\imports\JCL\;$(Debugger_DebugSourcePath)</Debugger_DebugSourcePath>
			<Manifest_File>$(BDS)\bin\default_app.manifest</Manifest_File>
		</PropertyGroup>
		<PropertyGroup Condition="'$(Cfg_1)'!=''">
			<Version>7.0</Version>
			<DCC_DebugInformation>False</DCC_DebugInformation>
			<DCC_LocalDebugSymbols>False</DCC_LocalDebugSymbols>
			<DCC_Optimize>False</DCC_Optimize>
			<DCC_SymbolReferenceInfo>0</DCC_SymbolReferenceInfo>
			<DCC_MapFile>3</DCC_MapFile>
			<DCC_ExeOutput>$(GT_BIN)</DCC_ExeOutput>
			<DCC_DcuOutput>$(GT_SOURCES)\Dcu\</DCC_DcuOutput>
			<DCC_ObjOutput>$(GT_SOURCES)\Dcu\</DCC_ObjOutput>
			<DCC_HppOutput>$(GT_SOURCES)\Dcu\</DCC_HppOutput>
			<DCC_DcpOutput>$(GT_SOURCES)\Dcu</DCC_DcpOutput>
			<DCC_UnitSearchPath>$(GT_COMMON)\Kernel;$(GT_IMPORTS)\FIB\sources\;$(GT_IMPORTS)\NativeXML;$(GT_COMMON)\Splash;$(GT_SOURCES)\Packages\gtJcl\source\;$(DCC_UnitSearchPath)</DCC_UnitSearchPath>
			<DCC_ResourcePath>$(GT_COMMON)\Kernel;$(GT_IMPORTS)\FIB\sources\;$(GT_IMPORTS)\NativeXML;$(GT_COMMON)\Splash;$(GT_SOURCES)\Packages\gtJcl\source\;$(DCC_ResourcePath)</DCC_ResourcePath>
			<DCC_ObjPath>$(GT_COMMON)\Kernel;$(GT_IMPORTS)\FIB\sources\;$(GT_IMPORTS)\NativeXML;$(GT_COMMON)\Splash;$(GT_SOURCES)\Packages\gtJcl\source\;$(DCC_ObjPath)</DCC_ObjPath>
			<DCC_IncludePath>$(GT_COMMON)\Kernel;$(GT_IMPORTS)\FIB\sources\;$(GT_IMPORTS)\NativeXML;$(GT_COMMON)\Splash;$(GT_SOURCES)\Packages\gtJcl\source\;$(DCC_IncludePath)</DCC_IncludePath>
			<DCC_Define>RELEASE;$(DCC_Define)</DCC_Define>
		</PropertyGroup>
		<PropertyGroup Condition="'$(Cfg_2)'!=''">
			<Manifest_File>None</Manifest_File>
			<Icon_MainIcon>Administrator_Icon.ico</Icon_MainIcon>
			<Version>7.0</Version>
			<DCC_MapFile>3</DCC_MapFile>
			<DCC_ExeOutput>$(GT_BIN)</DCC_ExeOutput>
			<DCC_DcuOutput>$(GT_SOURCES)\Dcu\</DCC_DcuOutput>
			<DCC_ObjOutput>$(GT_SOURCES)\Dcu\</DCC_ObjOutput>
			<DCC_HppOutput>$(GT_SOURCES)\Dcu\</DCC_HppOutput>
			<DCC_DcpOutput>$(GT_SOURCES)\Dcu\</DCC_DcpOutput>
			<DCC_UnitSearchPath>$(GT_BIN)\;$(GT_COMMON);$(GT_COMMON)\Debug;$(GT_IMPORTS)\JCL;$(GT_COMMON)\GUI\Splash;$(GT_COMMON)\GUI\About;$(DCC_UnitSearchPath)</DCC_UnitSearchPath>
			<DCC_ResourcePath>$(BDS)\Lib\Debug\Indy10;$(BDS)\lib\Debug;$(GT_BIN)\;$(GT_COMMON);$(DCC_ResourcePath)</DCC_ResourcePath>
			<DCC_ObjPath>$(BDS)\Lib\Debug\Indy10;$(BDS)\lib\Debug;$(GT_BIN)\;$(GT_COMMON);$(DCC_ObjPath)</DCC_ObjPath>
			<DCC_IncludePath>$(BDS)\Lib\Debug\Indy10;$(BDS)\lib\Debug;$(GT_BIN)\;$(GT_COMMON);$(DCC_IncludePath)</DCC_IncludePath>
			<DCC_Define>DEBUG;$(DCC_Define)</DCC_Define>
			<DCC_GenerateStackFrames>True</DCC_GenerateStackFrames>
		</PropertyGroup>
		<PropertyGroup Condition="'$(Cfg_2_Win32)'!=''">
			<DCC_DebugDCUs>true</DCC_DebugDCUs>
			<DCC_RemoteDebug>true</DCC_RemoteDebug>
			<DCC_DebugInfoInExe>true</DCC_DebugInfoInExe>
			<DCC_Optimize>false</DCC_Optimize>
			<DCC_UnitSearchPath>$(GT_IMPLEMENT)\gui\splash;$(GT_IMPLEMENT)\core\;$(DCC_UnitSearchPath)</DCC_UnitSearchPath>
			<VerInfo_Keys>CompanyName=;FileDescription=;FileVersion=0.6.0.0;InternalName=;LegalCopyright=;LegalTrademarks=;OriginalFilename=;ProductName=;ProductVersion=1.0.0.0;Comments=</VerInfo_Keys>
			<VerInfo_Locale>1033</VerInfo_Locale>
		</PropertyGroup>
		<ProjectExtensions>
			<Borland.Personality>Delphi.Personality.12</Borland.Personality>
			<Borland.ProjectType>VCLApplication</Borland.ProjectType>
			<BorlandProject>
				<Delphi.Personality>
					<Parameters>
						<Parameters Name="DebugSourceDirs">D:\GoldenTemp\imports\JCL\</Parameters>
					</Parameters>
					<VersionInfo>
						<VersionInfo Name="IncludeVerInfo">True</VersionInfo>
						<VersionInfo Name="AutoIncBuild">False</VersionInfo>
						<VersionInfo Name="MajorVer">0</VersionInfo>
						<VersionInfo Name="MinorVer">6</VersionInfo>
						<VersionInfo Name="Release">0</VersionInfo>
						<VersionInfo Name="Build">0</VersionInfo>
						<VersionInfo Name="Debug">False</VersionInfo>
						<VersionInfo Name="PreRelease">False</VersionInfo>
						<VersionInfo Name="Special">False</VersionInfo>
						<VersionInfo Name="Private">False</VersionInfo>
						<VersionInfo Name="DLL">False</VersionInfo>
						<VersionInfo Name="Locale">1058</VersionInfo>
						<VersionInfo Name="CodePage">1251</VersionInfo>
					</VersionInfo>
					<VersionInfoKeys>
						<VersionInfoKeys Name="CompanyName">Alexander Martinyuk</VersionInfoKeys>
						<VersionInfoKeys Name="FileDescription">Golden Temp Administrator</VersionInfoKeys>
						<VersionInfoKeys Name="FileVersion">0.6.0.0</VersionInfoKeys>
						<VersionInfoKeys Name="InternalName"/>
						<VersionInfoKeys Name="LegalCopyright"/>
						<VersionInfoKeys Name="LegalTrademarks"/>
						<VersionInfoKeys Name="OriginalFilename"/>
						<VersionInfoKeys Name="ProductName">Golden Temp</VersionInfoKeys>
						<VersionInfoKeys Name="ProductVersion">1.0.0.0</VersionInfoKeys>
						<VersionInfoKeys Name="Comments"/>
					</VersionInfoKeys>
					<Source>
						<Source Name="MainSource">administrator.dpr</Source>
					</Source>
					<Excluded_Packages>
						<Excluded_Packages Name="$(BDSBIN)\dcloffice2k160.bpl">Microsoft Office 2000 Sample Automation Server Wrapper Components</Excluded_Packages>
						<Excluded_Packages Name="$(BDSBIN)\dclofficexp160.bpl">Microsoft Office XP Sample Automation Server Wrapper Components</Excluded_Packages>
					</Excluded_Packages>
				</Delphi.Personality>
				<ModelSupport>False</ModelSupport>
				<Platforms>
					<Platform value="Win64">False</Platform>
					<Platform value="Win32">True</Platform>
				</Platforms>
			</BorlandProject>
			<ProjectFileVersion>12</ProjectFileVersion>
		</ProjectExtensions>
		<ItemGroup>
			<DelphiCompile Include="$(MainSource)">
				<MainSource>MainSource</MainSource>
			</DelphiCompile>
			<RcCompile Include="..\..\resources\animation\animation.rc">
				<Form>animation.res</Form>
			</RcCompile>
			<DCCReference Include="uMainUnit.pas">
				<Form>AdministratorMainForm</Form>
			</DCCReference>
			<DCCReference Include="uGroupForm.pas">
				<Form>GroupForm</Form>
			</DCCReference>
			<DCCReference Include="uStudentsListForm.pas">
				<Form>StudentListForm</Form>
			</DCCReference>
			<DCCReference Include="uStudentForm.pas">
				<Form>StudentForm</Form>
			</DCCReference>
			<DCCReference Include="uTeacherForm.pas">
				<Form>TeacherForm</Form>
			</DCCReference>
			<DCCReference Include="uTexts.pas"/>
			<DCCReference Include="uStudentsAddGroupForm.pas">
				<Form>FormAddStudent</Form>
				<DesignClass>TTntForm</DesignClass>
			</DCCReference>
			<DCCReference Include="uAccountForm.pas">
				<Form>AccountForm</Form>
			</DCCReference>
			<DCCReference Include="uChangePasswordForm.pas">
				<Form>PasswordForm</Form>
			</DCCReference>
			<DCCReference Include="..\common\uInterfaces.pas"/>
			<DCCReference Include="..\common\uFactories.pas"/>
			<DCCReference Include="..\implement\gui\splash\uSplashFrom.pas">
				<Form>FormSplash</Form>
			</DCCReference>
			<BuildConfiguration Include="Debug">
				<Key>Cfg_2</Key>
				<CfgParent>Base</CfgParent>
			</BuildConfiguration>
			<BuildConfiguration Include="Base">
				<Key>Base</Key>
			</BuildConfiguration>
			<BuildConfiguration Include="Release">
				<Key>Cfg_1</Key>
				<CfgParent>Base</CfgParent>
			</BuildConfiguration>
		</ItemGroup>
		<Import Condition="Exists('$(BDS)\Bin\CodeGear.Delphi.Targets')" Project="$(BDS)\Bin\CodeGear.Delphi.Targets"/>
		<Import Condition="Exists('$(APPDATA)\Embarcadero\$(BDSAPPDATABASEDIR)\$(PRODUCTVERSION)\UserTools.proj')" Project="$(APPDATA)\Embarcadero\$(BDSAPPDATABASEDIR)\$(PRODUCTVERSION)\UserTools.proj"/>
	</Project>
